
Microsoft Visual Studio Solution File, Format Version 12.00
# Visual Studio Version 17
VisualStudioVersion = 17.5.002.0
MinimumVisualStudioVersion = 10.0.40219.1
Project("{9A19103F-16F7-4668-BE54-9A1E7A4F7556}") = "Boopapp", "Boopapp.csproj", "{69131EC4-B52B-4699-B353-77B6A72540E0}"
EndProject
Global
	GlobalSection(SolutionConfigurationPlatforms) = preSolution
		Debug|Any CPU = Debug|Any CPU
		Release|Any CPU = Release|Any CPU
	EndGlobalSection
	GlobalSection(ProjectConfigurationPlatforms) = postSolution
		{69131EC4-B52B-4699-B353-77B6A72540E0}.Debug|Any CPU.ActiveCfg = Debug|Any CPU
		{69131EC4-B52B-4699-B353-77B6A72540E0}.Debug|Any CPU.Build.0 = Debug|Any CPU
		{69131EC4-B52B-4699-B353-77B6A72540E0}.Release|Any CPU.ActiveCfg = Release|Any CPU
		{69131EC4-B52B-4699-B353-77B6A72540E0}.Release|Any CPU.Build.0 = Release|Any CPU
	EndGlobalSection
	GlobalSection(SolutionProperties) = preSolution
		HideSolutionNode = FALSE
	EndGlobalSection
	GlobalSection(ExtensibilityGlobals) = postSolution
		SolutionGuid = {AA64AE23-7B0A-4558-9BC3-E3666234E8B2}
	EndGlobalSection
EndGlobal
